
Microsoft Visual Studio Solution File, Format Version 12.00
# Visual Studio Version 17
VisualStudioVersion = 17.14.36327.8 d17.14
MinimumVisualStudioVersion = 10.0.40219.1
Project("{FAE04EC0-301F-11D3-BF4B-00C04F79EFBC}") = "GymManagemrntSystem", "GymManagemrntSystem\GymManagemrntSystem.csproj", "{14385CAF-D8EF-49F0-9CC8-EC4213CFC8A2}"
EndProject
Project("{FAE04EC0-301F-11D3-BF4B-00C04F79EFBC}") = "GymManagementSystemDAL", "GymManagementSystemDAL\GymManagementSystemDAL.csproj", "{86943778-14A2-487C-A631-33F25ADBEF46}"
EndProject
Project("{FAE04EC0-301F-11D3-BF4B-00C04F79EFBC}") = "GymManagementSystemBLL", "GymManagementSystemBLL\GymManagementSystemBLL.csproj", "{507FB0A6-6C4E-410D-ABC5-99A96A514A89}"
EndProject
Global
	GlobalSection(SolutionConfigurationPlatforms) = preSolution
		Debug|Any CPU = Debug|Any CPU
		Release|Any CPU = Release|Any CPU
	EndGlobalSection
	GlobalSection(ProjectConfigurationPlatforms) = postSolution
		{14385CAF-D8EF-49F0-9CC8-EC4213CFC8A2}.Debug|Any CPU.ActiveCfg = Debug|Any CPU
		{14385CAF-D8EF-49F0-9CC8-EC4213CFC8A2}.Debug|Any CPU.Build.0 = Debug|Any CPU
		{14385CAF-D8EF-49F0-9CC8-EC4213CFC8A2}.Release|Any CPU.ActiveCfg = Release|Any CPU
		{14385CAF-D8EF-49F0-9CC8-EC4213CFC8A2}.Release|Any CPU.Build.0 = Release|Any CPU
		{86943778-14A2-487C-A631-33F25ADBEF46}.Debug|Any CPU.ActiveCfg = Debug|Any CPU
		{86943778-14A2-487C-A631-33F25ADBEF46}.Debug|Any CPU.Build.0 = Debug|Any CPU
		{86943778-14A2-487C-A631-33F25ADBEF46}.Release|Any CPU.ActiveCfg = Release|Any CPU
		{86943778-14A2-487C-A631-33F25ADBEF46}.Release|Any CPU.Build.0 = Release|Any CPU
		{507FB0A6-6C4E-410D-ABC5-99A96A514A89}.Debug|Any CPU.ActiveCfg = Debug|Any CPU
		{507FB0A6-6C4E-410D-ABC5-99A96A514A89}.Debug|Any CPU.Build.0 = Debug|Any CPU
		{507FB0A6-6C4E-410D-ABC5-99A96A514A89}.Release|Any CPU.ActiveCfg = Release|Any CPU
		{507FB0A6-6C4E-410D-ABC5-99A96A514A89}.Release|Any CPU.Build.0 = Release|Any CPU
	EndGlobalSection
	GlobalSection(SolutionProperties) = preSolution
		HideSolutionNode = FALSE
	EndGlobalSection
	GlobalSection(ExtensibilityGlobals) = postSolution
		SolutionGuid = {C4447751-CCB6-4283-A7A2-D0E99A85CFA8}
	EndGlobalSection
EndGlobal
